
Microsoft Visual Studio Solution File, Format Version 12.00
# Visual Studio 2013
VisualStudioVersion = 12.0.21005.1
MinimumVisualStudioVersion = 10.0.40219.1
Project("{FAE04EC0-301F-11D3-BF4B-00C04F79EFBC}") = "Users", "Users\Users.csproj", "{3E440EE3-1C4B-40AC-85C8-30C80D608CD3}"
EndProject
Project("{FAE04EC0-301F-11D3-BF4B-00C04F79EFBC}") = "Users.Tests", "Users.Tests\Users.Tests.csproj", "{901D1C32-66A1-4836-867F-DE9454CA9FD4}"
EndProject
Global
	GlobalSection(SolutionConfigurationPlatforms) = preSolution
		Debug|Any CPU = Debug|Any CPU
		Release|Any CPU = Release|Any CPU
	EndGlobalSection
	GlobalSection(ProjectConfigurationPlatforms) = postSolution
		{3E440EE3-1C4B-40AC-85C8-30C80D608CD3}.Debug|Any CPU.ActiveCfg = Debug|Any CPU
		{3E440EE3-1C4B-40AC-85C8-30C80D608CD3}.Debug|Any CPU.Build.0 = Debug|Any CPU
		{3E440EE3-1C4B-40AC-85C8-30C80D608CD3}.Release|Any CPU.ActiveCfg = Release|Any CPU
		{3E440EE3-1C4B-40AC-85C8-30C80D608CD3}.Release|Any CPU.Build.0 = Release|Any CPU
		{901D1C32-66A1-4836-867F-DE9454CA9FD4}.Debug|Any CPU.ActiveCfg = Debug|Any CPU
		{901D1C32-66A1-4836-867F-DE9454CA9FD4}.Debug|Any CPU.Build.0 = Debug|Any CPU
		{901D1C32-66A1-4836-867F-DE9454CA9FD4}.Release|Any CPU.ActiveCfg = Release|Any CPU
		{901D1C32-66A1-4836-867F-DE9454CA9FD4}.Release|Any CPU.Build.0 = Release|Any CPU
	EndGlobalSection
	GlobalSection(SolutionProperties) = preSolution
		HideSolutionNode = FALSE
	EndGlobalSection
EndGlobal
